
Microsoft Visual Studio Solution File, Format Version 12.00
# Visual Studio Version 17
VisualStudioVersion = 17.9.34714.143
MinimumVisualStudioVersion = 10.0.40219.1
Project("{2150E333-8FDC-42A3-9474-1A3956D46DE8}") = "ArticleCatalog", "ArticleCatalog", "{5CD659AC-5C66-4183-A015-FDB79A591FD6}"
EndProject
Project("{9A19103F-16F7-4668-BE54-9A1E7A4F7556}") = "ProjectStartup", "ProjectStartup\ProjectStartup.csproj", "{70153B25-DE72-4CD9-989B-C7EF2288C2CF}"
EndProject
Project("{9A19103F-16F7-4668-BE54-9A1E7A4F7556}") = "ArticleCatalog.Application", "ArticleCatalog\ArticleCatalog.Application\ArticleCatalog.Application.csproj", "{B09B0258-8BE1-4044-B0F4-29DA81A3E9D6}"
EndProject
Project("{9A19103F-16F7-4668-BE54-9A1E7A4F7556}") = "ArticleCatalog.Domain", "ArticleCatalog\ArticleCatalog.Domain\ArticleCatalog.Domain.csproj", "{74ACEAA5-FDCB-4476-8FD0-CD41D94E5B05}"
EndProject
Project("{9A19103F-16F7-4668-BE54-9A1E7A4F7556}") = "ArticleCatalog.Infrastructure", "ArticleCatalog\ArticleCatalog.Infrastructure\ArticleCatalog.Infrastructure.csproj", "{E3304EAA-94C7-4DA0-A429-9261F9934ED7}"
EndProject
Project("{9A19103F-16F7-4668-BE54-9A1E7A4F7556}") = "ArticleCatalog.Web", "ArticleCatalog\ArticleCatalog.Web\ArticleCatalog.Web.csproj", "{F94D0E69-E464-4DF9-867A-D489C711DFA8}"
EndProject
Project("{2150E333-8FDC-42A3-9474-1A3956D46DE8}") = "Common", "Common", "{6BF6F647-88B8-4E06-9BD5-93015C54AD9A}"
EndProject
Project("{9A19103F-16F7-4668-BE54-9A1E7A4F7556}") = "Common.Application", "Common\Common.Application\Common.Application.csproj", "{F85ED291-C2DA-400C-81CC-E9C183DD8F01}"
EndProject
Project("{9A19103F-16F7-4668-BE54-9A1E7A4F7556}") = "Common.Domain", "Common\Common.Domain\Common.Domain.csproj", "{4527B945-6609-44A4-9B8C-8F11E18AFF41}"
EndProject
Project("{9A19103F-16F7-4668-BE54-9A1E7A4F7556}") = "Common.Infrastructure", "Common\Common.Infrastructure\Common.Infrastructure.csproj", "{47389BC8-4B43-4D77-A947-818DB88C7010}"
EndProject
Project("{9A19103F-16F7-4668-BE54-9A1E7A4F7556}") = "Common.Web", "Common\Common.Web\Common.Web.csproj", "{B20D4DCE-F3E2-4A3C-83C3-7463944254FE}"
EndProject
Project("{2150E333-8FDC-42A3-9474-1A3956D46DE8}") = "Identity", "Identity", "{A046903F-17EB-4DF0-A76A-F0CD646F0A23}"
EndProject
Project("{2150E333-8FDC-42A3-9474-1A3956D46DE8}") = "Bookmarks", "Bookmarks", "{30B1EEC8-9168-465D-A114-9EC240FF617F}"
EndProject
Project("{9A19103F-16F7-4668-BE54-9A1E7A4F7556}") = "Bookmarks.Application", "Bookmarks\Bookmarks.Application\Bookmarks.Application.csproj", "{043CF077-42F1-4356-8D2B-F309A6DDD611}"
EndProject
Project("{9A19103F-16F7-4668-BE54-9A1E7A4F7556}") = "Bookmarks.Domain", "Bookmarks\Bookmarks.Domain\Bookmarks.Domain.csproj", "{B88F67F3-99A7-4769-84BE-29B508B6690F}"
EndProject
Project("{9A19103F-16F7-4668-BE54-9A1E7A4F7556}") = "Bookmarks.Infrastructure", "Bookmarks\Bookmarks.Infrastructure\Bookmarks.Infrastructure.csproj", "{9F383436-6BE1-470C-A50F-0B0F9DD85947}"
EndProject
Project("{9A19103F-16F7-4668-BE54-9A1E7A4F7556}") = "Bookmarks.Web", "Bookmarks\Bookmarks.Web\Bookmarks.Web.csproj", "{5EEE1280-0EC3-4A6A-862A-30EEB1D7B2CB}"
EndProject
Project("{2150E333-8FDC-42A3-9474-1A3956D46DE8}") = "Tests", "Tests", "{8CFA537B-D77C-42F1-A3CB-150261BBBA30}"
EndProject
Project("{FAE04EC0-301F-11D3-BF4B-00C04F79EFBC}") = "ArticleCatalog.Tests", "ArticleCatalog\ArticleCatalog.Tests\ArticleCatalog.Tests.csproj", "{D17211FC-4866-49F6-9901-2DDFACB457A8}"
EndProject
Project("{FAE04EC0-301F-11D3-BF4B-00C04F79EFBC}") = "Identity.Application", "Identity\Identity.Application\Identity.Application.csproj", "{E7AD293D-CC62-4F2D-9237-9115E5789B6D}"
EndProject
Project("{FAE04EC0-301F-11D3-BF4B-00C04F79EFBC}") = "Identity.Domain", "Identity\Identity.Domain\Identity.Domain.csproj", "{35F135F2-E71F-4415-B0BB-60F71923BE62}"
EndProject
Project("{FAE04EC0-301F-11D3-BF4B-00C04F79EFBC}") = "Identity.Infrastructure", "Identity\Identity.Infrastructure\Identity.Infrastructure.csproj", "{FC995CCD-944E-4485-8F6B-9C6213FE9C3E}"
EndProject
Project("{FAE04EC0-301F-11D3-BF4B-00C04F79EFBC}") = "Identity.Web", "Identity\Identity.Web\Identity.Web.csproj", "{7A054086-4F33-4D41-BDE9-6815DD8DBF05}"
EndProject
Project("{2150E333-8FDC-42A3-9474-1A3956D46DE8}") = "Tests", "Tests", "{8C9B2212-22DA-4258-9147-07ECC33DE48B}"
EndProject
Project("{FAE04EC0-301F-11D3-BF4B-00C04F79EFBC}") = "Bookmarks.Tests", "Bookmarks.Tests\Bookmarks.Tests.csproj", "{58BB4D07-61A1-45DC-B261-6355E540943A}"
EndProject
Project("{2150E333-8FDC-42A3-9474-1A3956D46DE8}") = "Tests", "Tests", "{86136459-3668-4BD5-9F08-16B1A55DF0E6}"
EndProject
Project("{FAE04EC0-301F-11D3-BF4B-00C04F79EFBC}") = "Identity.Tests", "Identity.Tests\Identity.Tests.csproj", "{02F83827-3E0C-4F5A-A3FB-0F35CB56F71D}"
EndProject
Project("{2150E333-8FDC-42A3-9474-1A3956D46DE8}") = "_HttpTests", "_HttpTests", "{A4F0F5E5-49D8-4D24-AA5F-A361A9E4C968}"
	ProjectSection(SolutionItems) = preProject
		articles.http = articles.http
		bookmarks.http = bookmarks.http
		categories.http = categories.http
		comments.http = comments.http
		http-client.env.json = http-client.env.json
		identity.http = identity.http
	EndProjectSection
EndProject
Project("{2150E333-8FDC-42A3-9474-1A3956D46DE8}") = "Comments", "Comments", "{1B74CF04-4B81-4585-9B03-F3CD36508383}"
EndProject
Project("{FAE04EC0-301F-11D3-BF4B-00C04F79EFBC}") = "Comments.Application", "Comments\Comments.Application\Comments.Application.csproj", "{68742935-6149-4992-8D41-3D6B619F1C03}"
EndProject
Project("{FAE04EC0-301F-11D3-BF4B-00C04F79EFBC}") = "Comments.Domain", "Comments\Comments.Domain\Comments.Domain.csproj", "{7D1656E9-399F-4750-96A8-7BC1DC637820}"
EndProject
Project("{FAE04EC0-301F-11D3-BF4B-00C04F79EFBC}") = "Comments.Infrastructure", "Comments\Comments.Infrastructure\Comments.Infrastructure.csproj", "{491A6F75-8707-4B40-9FC6-0B1B01647971}"
EndProject
Project("{FAE04EC0-301F-11D3-BF4B-00C04F79EFBC}") = "Comments.Web", "Comments\Comments.Web\Comments.Web.csproj", "{9927C2D2-6EDD-4F44-8B03-ED32539D0E72}"
EndProject
Project("{FAE04EC0-301F-11D3-BF4B-00C04F79EFBC}") = "BlogLab.AppHost", "BlogLab.AppHost\BlogLab.AppHost.csproj", "{868ABCC0-43BC-4B77-8526-ADD6CE37DA04}"
EndProject
Project("{FAE04EC0-301F-11D3-BF4B-00C04F79EFBC}") = "BlogLab.ServiceDefaults", "BlogLab.ServiceDefaults\BlogLab.ServiceDefaults.csproj", "{BC7C48AC-0F07-443D-9610-494011DFE6C9}"
EndProject
Project("{FAE04EC0-301F-11D3-BF4B-00C04F79EFBC}") = "ArticleCatalog.Api", "ArticleCatalog.Api\ArticleCatalog.Api.csproj", "{C34FAC29-634C-40BD-97E1-3EE62908B188}"
EndProject
Project("{FAE04EC0-301F-11D3-BF4B-00C04F79EFBC}") = "Bookmarks.Api", "Bookmarks.Api\Bookmarks.Api.csproj", "{D4E72468-4D16-69E8-946F-A1C2A5B02EED}"
EndProject
Global
	GlobalSection(SolutionConfigurationPlatforms) = preSolution
		Debug|Any CPU = Debug|Any CPU
		Release|Any CPU = Release|Any CPU
	EndGlobalSection
	GlobalSection(ProjectConfigurationPlatforms) = postSolution
		{70153B25-DE72-4CD9-989B-C7EF2288C2CF}.Debug|Any CPU.ActiveCfg = Debug|Any CPU
		{70153B25-DE72-4CD9-989B-C7EF2288C2CF}.Debug|Any CPU.Build.0 = Debug|Any CPU
		{70153B25-DE72-4CD9-989B-C7EF2288C2CF}.Release|Any CPU.ActiveCfg = Release|Any CPU
		{70153B25-DE72-4CD9-989B-C7EF2288C2CF}.Release|Any CPU.Build.0 = Release|Any CPU
		{B09B0258-8BE1-4044-B0F4-29DA81A3E9D6}.Debug|Any CPU.ActiveCfg = Debug|Any CPU
		{B09B0258-8BE1-4044-B0F4-29DA81A3E9D6}.Debug|Any CPU.Build.0 = Debug|Any CPU
		{B09B0258-8BE1-4044-B0F4-29DA81A3E9D6}.Release|Any CPU.ActiveCfg = Release|Any CPU
		{B09B0258-8BE1-4044-B0F4-29DA81A3E9D6}.Release|Any CPU.Build.0 = Release|Any CPU
		{74ACEAA5-FDCB-4476-8FD0-CD41D94E5B05}.Debug|Any CPU.ActiveCfg = Debug|Any CPU
		{74ACEAA5-FDCB-4476-8FD0-CD41D94E5B05}.Debug|Any CPU.Build.0 = Debug|Any CPU
		{74ACEAA5-FDCB-4476-8FD0-CD41D94E5B05}.Release|Any CPU.ActiveCfg = Release|Any CPU
		{74ACEAA5-FDCB-4476-8FD0-CD41D94E5B05}.Release|Any CPU.Build.0 = Release|Any CPU
		{E3304EAA-94C7-4DA0-A429-9261F9934ED7}.Debug|Any CPU.ActiveCfg = Debug|Any CPU
		{E3304EAA-94C7-4DA0-A429-9261F9934ED7}.Debug|Any CPU.Build.0 = Debug|Any CPU
		{E3304EAA-94C7-4DA0-A429-9261F9934ED7}.Release|Any CPU.ActiveCfg = Release|Any CPU
		{E3304EAA-94C7-4DA0-A429-9261F9934ED7}.Release|Any CPU.Build.0 = Release|Any CPU
		{F94D0E69-E464-4DF9-867A-D489C711DFA8}.Debug|Any CPU.ActiveCfg = Debug|Any CPU
		{F94D0E69-E464-4DF9-867A-D489C711DFA8}.Debug|Any CPU.Build.0 = Debug|Any CPU
		{F94D0E69-E464-4DF9-867A-D489C711DFA8}.Release|Any CPU.ActiveCfg = Release|Any CPU
		{F94D0E69-E464-4DF9-867A-D489C711DFA8}.Release|Any CPU.Build.0 = Release|Any CPU
		{F85ED291-C2DA-400C-81CC-E9C183DD8F01}.Debug|Any CPU.ActiveCfg = Debug|Any CPU
		{F85ED291-C2DA-400C-81CC-E9C183DD8F01}.Debug|Any CPU.Build.0 = Debug|Any CPU
		{F85ED291-C2DA-400C-81CC-E9C183DD8F01}.Release|Any CPU.ActiveCfg = Release|Any CPU
		{F85ED291-C2DA-400C-81CC-E9C183DD8F01}.Release|Any CPU.Build.0 = Release|Any CPU
		{4527B945-6609-44A4-9B8C-8F11E18AFF41}.Debug|Any CPU.ActiveCfg = Debug|Any CPU
		{4527B945-6609-44A4-9B8C-8F11E18AFF41}.Debug|Any CPU.Build.0 = Debug|Any CPU
		{4527B945-6609-44A4-9B8C-8F11E18AFF41}.Release|Any CPU.ActiveCfg = Release|Any CPU
		{4527B945-6609-44A4-9B8C-8F11E18AFF41}.Release|Any CPU.Build.0 = Release|Any CPU
		{47389BC8-4B43-4D77-A947-818DB88C7010}.Debug|Any CPU.ActiveCfg = Debug|Any CPU
		{47389BC8-4B43-4D77-A947-818DB88C7010}.Debug|Any CPU.Build.0 = Debug|Any CPU
		{47389BC8-4B43-4D77-A947-818DB88C7010}.Release|Any CPU.ActiveCfg = Release|Any CPU
		{47389BC8-4B43-4D77-A947-818DB88C7010}.Release|Any CPU.Build.0 = Release|Any CPU
		{B20D4DCE-F3E2-4A3C-83C3-7463944254FE}.Debug|Any CPU.ActiveCfg = Debug|Any CPU
		{B20D4DCE-F3E2-4A3C-83C3-7463944254FE}.Debug|Any CPU.Build.0 = Debug|Any CPU
		{B20D4DCE-F3E2-4A3C-83C3-7463944254FE}.Release|Any CPU.ActiveCfg = Release|Any CPU
		{B20D4DCE-F3E2-4A3C-83C3-7463944254FE}.Release|Any CPU.Build.0 = Release|Any CPU
		{043CF077-42F1-4356-8D2B-F309A6DDD611}.Debug|Any CPU.ActiveCfg = Debug|Any CPU
		{043CF077-42F1-4356-8D2B-F309A6DDD611}.Debug|Any CPU.Build.0 = Debug|Any CPU
		{043CF077-42F1-4356-8D2B-F309A6DDD611}.Release|Any CPU.ActiveCfg = Release|Any CPU
		{043CF077-42F1-4356-8D2B-F309A6DDD611}.Release|Any CPU.Build.0 = Release|Any CPU
		{B88F67F3-99A7-4769-84BE-29B508B6690F}.Debug|Any CPU.ActiveCfg = Debug|Any CPU
		{B88F67F3-99A7-4769-84BE-29B508B6690F}.Debug|Any CPU.Build.0 = Debug|Any CPU
		{B88F67F3-99A7-4769-84BE-29B508B6690F}.Release|Any CPU.ActiveCfg = Release|Any CPU
		{B88F67F3-99A7-4769-84BE-29B508B6690F}.Release|Any CPU.Build.0 = Release|Any CPU
		{9F383436-6BE1-470C-A50F-0B0F9DD85947}.Debug|Any CPU.ActiveCfg = Debug|Any CPU
		{9F383436-6BE1-470C-A50F-0B0F9DD85947}.Debug|Any CPU.Build.0 = Debug|Any CPU
		{9F383436-6BE1-470C-A50F-0B0F9DD85947}.Release|Any CPU.ActiveCfg = Release|Any CPU
		{9F383436-6BE1-470C-A50F-0B0F9DD85947}.Release|Any CPU.Build.0 = Release|Any CPU
		{5EEE1280-0EC3-4A6A-862A-30EEB1D7B2CB}.Debug|Any CPU.ActiveCfg = Debug|Any CPU
		{5EEE1280-0EC3-4A6A-862A-30EEB1D7B2CB}.Debug|Any CPU.Build.0 = Debug|Any CPU
		{5EEE1280-0EC3-4A6A-862A-30EEB1D7B2CB}.Release|Any CPU.ActiveCfg = Release|Any CPU
		{5EEE1280-0EC3-4A6A-862A-30EEB1D7B2CB}.Release|Any CPU.Build.0 = Release|Any CPU
		{D17211FC-4866-49F6-9901-2DDFACB457A8}.Debug|Any CPU.ActiveCfg = Debug|Any CPU
		{D17211FC-4866-49F6-9901-2DDFACB457A8}.Debug|Any CPU.Build.0 = Debug|Any CPU
		{D17211FC-4866-49F6-9901-2DDFACB457A8}.Release|Any CPU.ActiveCfg = Release|Any CPU
		{D17211FC-4866-49F6-9901-2DDFACB457A8}.Release|Any CPU.Build.0 = Release|Any CPU
		{E7AD293D-CC62-4F2D-9237-9115E5789B6D}.Debug|Any CPU.ActiveCfg = Debug|Any CPU
		{E7AD293D-CC62-4F2D-9237-9115E5789B6D}.Debug|Any CPU.Build.0 = Debug|Any CPU
		{E7AD293D-CC62-4F2D-9237-9115E5789B6D}.Release|Any CPU.ActiveCfg = Release|Any CPU
		{E7AD293D-CC62-4F2D-9237-9115E5789B6D}.Release|Any CPU.Build.0 = Release|Any CPU
		{35F135F2-E71F-4415-B0BB-60F71923BE62}.Debug|Any CPU.ActiveCfg = Debug|Any CPU
		{35F135F2-E71F-4415-B0BB-60F71923BE62}.Debug|Any CPU.Build.0 = Debug|Any CPU
		{35F135F2-E71F-4415-B0BB-60F71923BE62}.Release|Any CPU.ActiveCfg = Release|Any CPU
		{35F135F2-E71F-4415-B0BB-60F71923BE62}.Release|Any CPU.Build.0 = Release|Any CPU
		{FC995CCD-944E-4485-8F6B-9C6213FE9C3E}.Debug|Any CPU.ActiveCfg = Debug|Any CPU
		{FC995CCD-944E-4485-8F6B-9C6213FE9C3E}.Debug|Any CPU.Build.0 = Debug|Any CPU
		{FC995CCD-944E-4485-8F6B-9C6213FE9C3E}.Release|Any CPU.ActiveCfg = Release|Any CPU
		{FC995CCD-944E-4485-8F6B-9C6213FE9C3E}.Release|Any CPU.Build.0 = Release|Any CPU
		{7A054086-4F33-4D41-BDE9-6815DD8DBF05}.Debug|Any CPU.ActiveCfg = Debug|Any CPU
		{7A054086-4F33-4D41-BDE9-6815DD8DBF05}.Debug|Any CPU.Build.0 = Debug|Any CPU
		{7A054086-4F33-4D41-BDE9-6815DD8DBF05}.Release|Any CPU.ActiveCfg = Release|Any CPU
		{7A054086-4F33-4D41-BDE9-6815DD8DBF05}.Release|Any CPU.Build.0 = Release|Any CPU
		{58BB4D07-61A1-45DC-B261-6355E540943A}.Debug|Any CPU.ActiveCfg = Debug|Any CPU
		{58BB4D07-61A1-45DC-B261-6355E540943A}.Debug|Any CPU.Build.0 = Debug|Any CPU
		{58BB4D07-61A1-45DC-B261-6355E540943A}.Release|Any CPU.ActiveCfg = Release|Any CPU
		{58BB4D07-61A1-45DC-B261-6355E540943A}.Release|Any CPU.Build.0 = Release|Any CPU
		{02F83827-3E0C-4F5A-A3FB-0F35CB56F71D}.Debug|Any CPU.ActiveCfg = Debug|Any CPU
		{02F83827-3E0C-4F5A-A3FB-0F35CB56F71D}.Debug|Any CPU.Build.0 = Debug|Any CPU
		{02F83827-3E0C-4F5A-A3FB-0F35CB56F71D}.Release|Any CPU.ActiveCfg = Release|Any CPU
		{02F83827-3E0C-4F5A-A3FB-0F35CB56F71D}.Release|Any CPU.Build.0 = Release|Any CPU
		{68742935-6149-4992-8D41-3D6B619F1C03}.Debug|Any CPU.ActiveCfg = Debug|Any CPU
		{68742935-6149-4992-8D41-3D6B619F1C03}.Debug|Any CPU.Build.0 = Debug|Any CPU
		{68742935-6149-4992-8D41-3D6B619F1C03}.Release|Any CPU.ActiveCfg = Release|Any CPU
		{68742935-6149-4992-8D41-3D6B619F1C03}.Release|Any CPU.Build.0 = Release|Any CPU
		{7D1656E9-399F-4750-96A8-7BC1DC637820}.Debug|Any CPU.ActiveCfg = Debug|Any CPU
		{7D1656E9-399F-4750-96A8-7BC1DC637820}.Debug|Any CPU.Build.0 = Debug|Any CPU
		{7D1656E9-399F-4750-96A8-7BC1DC637820}.Release|Any CPU.ActiveCfg = Release|Any CPU
		{7D1656E9-399F-4750-96A8-7BC1DC637820}.Release|Any CPU.Build.0 = Release|Any CPU
		{491A6F75-8707-4B40-9FC6-0B1B01647971}.Debug|Any CPU.ActiveCfg = Debug|Any CPU
		{491A6F75-8707-4B40-9FC6-0B1B01647971}.Debug|Any CPU.Build.0 = Debug|Any CPU
		{491A6F75-8707-4B40-9FC6-0B1B01647971}.Release|Any CPU.ActiveCfg = Release|Any CPU
		{491A6F75-8707-4B40-9FC6-0B1B01647971}.Release|Any CPU.Build.0 = Release|Any CPU
		{9927C2D2-6EDD-4F44-8B03-ED32539D0E72}.Debug|Any CPU.ActiveCfg = Debug|Any CPU
		{9927C2D2-6EDD-4F44-8B03-ED32539D0E72}.Debug|Any CPU.Build.0 = Debug|Any CPU
		{9927C2D2-6EDD-4F44-8B03-ED32539D0E72}.Release|Any CPU.ActiveCfg = Release|Any CPU
		{9927C2D2-6EDD-4F44-8B03-ED32539D0E72}.Release|Any CPU.Build.0 = Release|Any CPU
		{868ABCC0-43BC-4B77-8526-ADD6CE37DA04}.Debug|Any CPU.ActiveCfg = Debug|Any CPU
		{868ABCC0-43BC-4B77-8526-ADD6CE37DA04}.Debug|Any CPU.Build.0 = Debug|Any CPU
		{868ABCC0-43BC-4B77-8526-ADD6CE37DA04}.Release|Any CPU.ActiveCfg = Release|Any CPU
		{868ABCC0-43BC-4B77-8526-ADD6CE37DA04}.Release|Any CPU.Build.0 = Release|Any CPU
		{BC7C48AC-0F07-443D-9610-494011DFE6C9}.Debug|Any CPU.ActiveCfg = Debug|Any CPU
		{BC7C48AC-0F07-443D-9610-494011DFE6C9}.Debug|Any CPU.Build.0 = Debug|Any CPU
		{BC7C48AC-0F07-443D-9610-494011DFE6C9}.Release|Any CPU.ActiveCfg = Release|Any CPU
		{BC7C48AC-0F07-443D-9610-494011DFE6C9}.Release|Any CPU.Build.0 = Release|Any CPU
		{C34FAC29-634C-40BD-97E1-3EE62908B188}.Debug|Any CPU.ActiveCfg = Debug|Any CPU
		{C34FAC29-634C-40BD-97E1-3EE62908B188}.Debug|Any CPU.Build.0 = Debug|Any CPU
		{C34FAC29-634C-40BD-97E1-3EE62908B188}.Release|Any CPU.ActiveCfg = Release|Any CPU
		{C34FAC29-634C-40BD-97E1-3EE62908B188}.Release|Any CPU.Build.0 = Release|Any CPU
		{D4E72468-4D16-69E8-946F-A1C2A5B02EED}.Debug|Any CPU.ActiveCfg = Debug|Any CPU
		{D4E72468-4D16-69E8-946F-A1C2A5B02EED}.Debug|Any CPU.Build.0 = Debug|Any CPU
		{D4E72468-4D16-69E8-946F-A1C2A5B02EED}.Release|Any CPU.ActiveCfg = Release|Any CPU
		{D4E72468-4D16-69E8-946F-A1C2A5B02EED}.Release|Any CPU.Build.0 = Release|Any CPU
	EndGlobalSection
	GlobalSection(SolutionProperties) = preSolution
		HideSolutionNode = FALSE
	EndGlobalSection
	GlobalSection(NestedProjects) = preSolution
		{B09B0258-8BE1-4044-B0F4-29DA81A3E9D6} = {5CD659AC-5C66-4183-A015-FDB79A591FD6}
		{74ACEAA5-FDCB-4476-8FD0-CD41D94E5B05} = {5CD659AC-5C66-4183-A015-FDB79A591FD6}
		{E3304EAA-94C7-4DA0-A429-9261F9934ED7} = {5CD659AC-5C66-4183-A015-FDB79A591FD6}
		{F94D0E69-E464-4DF9-867A-D489C711DFA8} = {5CD659AC-5C66-4183-A015-FDB79A591FD6}
		{F85ED291-C2DA-400C-81CC-E9C183DD8F01} = {6BF6F647-88B8-4E06-9BD5-93015C54AD9A}
		{4527B945-6609-44A4-9B8C-8F11E18AFF41} = {6BF6F647-88B8-4E06-9BD5-93015C54AD9A}
		{47389BC8-4B43-4D77-A947-818DB88C7010} = {6BF6F647-88B8-4E06-9BD5-93015C54AD9A}
		{B20D4DCE-F3E2-4A3C-83C3-7463944254FE} = {6BF6F647-88B8-4E06-9BD5-93015C54AD9A}
		{043CF077-42F1-4356-8D2B-F309A6DDD611} = {30B1EEC8-9168-465D-A114-9EC240FF617F}
		{B88F67F3-99A7-4769-84BE-29B508B6690F} = {30B1EEC8-9168-465D-A114-9EC240FF617F}
		{9F383436-6BE1-470C-A50F-0B0F9DD85947} = {30B1EEC8-9168-465D-A114-9EC240FF617F}
		{5EEE1280-0EC3-4A6A-862A-30EEB1D7B2CB} = {30B1EEC8-9168-465D-A114-9EC240FF617F}
		{8CFA537B-D77C-42F1-A3CB-150261BBBA30} = {5CD659AC-5C66-4183-A015-FDB79A591FD6}
		{D17211FC-4866-49F6-9901-2DDFACB457A8} = {8CFA537B-D77C-42F1-A3CB-150261BBBA30}
		{E7AD293D-CC62-4F2D-9237-9115E5789B6D} = {A046903F-17EB-4DF0-A76A-F0CD646F0A23}
		{35F135F2-E71F-4415-B0BB-60F71923BE62} = {A046903F-17EB-4DF0-A76A-F0CD646F0A23}
		{FC995CCD-944E-4485-8F6B-9C6213FE9C3E} = {A046903F-17EB-4DF0-A76A-F0CD646F0A23}
		{7A054086-4F33-4D41-BDE9-6815DD8DBF05} = {A046903F-17EB-4DF0-A76A-F0CD646F0A23}
		{8C9B2212-22DA-4258-9147-07ECC33DE48B} = {30B1EEC8-9168-465D-A114-9EC240FF617F}
		{58BB4D07-61A1-45DC-B261-6355E540943A} = {8C9B2212-22DA-4258-9147-07ECC33DE48B}
		{86136459-3668-4BD5-9F08-16B1A55DF0E6} = {A046903F-17EB-4DF0-A76A-F0CD646F0A23}
		{02F83827-3E0C-4F5A-A3FB-0F35CB56F71D} = {86136459-3668-4BD5-9F08-16B1A55DF0E6}
		{68742935-6149-4992-8D41-3D6B619F1C03} = {1B74CF04-4B81-4585-9B03-F3CD36508383}
		{7D1656E9-399F-4750-96A8-7BC1DC637820} = {1B74CF04-4B81-4585-9B03-F3CD36508383}
		{491A6F75-8707-4B40-9FC6-0B1B01647971} = {1B74CF04-4B81-4585-9B03-F3CD36508383}
		{9927C2D2-6EDD-4F44-8B03-ED32539D0E72} = {1B74CF04-4B81-4585-9B03-F3CD36508383}
		{C34FAC29-634C-40BD-97E1-3EE62908B188} = {5CD659AC-5C66-4183-A015-FDB79A591FD6}
		{D4E72468-4D16-69E8-946F-A1C2A5B02EED} = {30B1EEC8-9168-465D-A114-9EC240FF617F}
	EndGlobalSection
	GlobalSection(ExtensibilityGlobals) = postSolution
		SolutionGuid = {373E3D57-D4E0-4D3E-87C5-0F2C128E98FF}
	EndGlobalSection
EndGlobal
